
Microsoft Visual Studio Solution File, Format Version 12.00
# Visual Studio Version 16
VisualStudioVersion = 16.0.30002.166
MinimumVisualStudioVersion = 10.0.40219.1
Project("{FAE04EC0-301F-11D3-BF4B-00C04F79EFBC}") = "DynamicCompile", "ClassLibrary1\DynamicCompile.csproj", "{C5C0C255-484F-4578-8547-42AC15E83952}"
EndProject
Project("{FAE04EC0-301F-11D3-BF4B-00C04F79EFBC}") = "Logger", "Logger\Logger.csproj", "{EA1D3FF7-0F17-436C-B1AC-413AC3E51BF7}"
EndProject
Project("{FAE04EC0-301F-11D3-BF4B-00C04F79EFBC}") = "Test", "Test\Test.csproj", "{A286FF1C-3E84-4F38-8F4D-3D691E35F497}"
EndProject
Global
	GlobalSection(SolutionConfigurationPlatforms) = preSolution
		Debug|Any CPU = Debug|Any CPU
		Debug|x64 = Debug|x64
		Debug|x86 = Debug|x86
		Release|Any CPU = Release|Any CPU
		Release|x64 = Release|x64
		Release|x86 = Release|x86
	EndGlobalSection
	GlobalSection(ProjectConfigurationPlatforms) = postSolution
		{C5C0C255-484F-4578-8547-42AC15E83952}.Debug|Any CPU.ActiveCfg = Debug|Any CPU
		{C5C0C255-484F-4578-8547-42AC15E83952}.Debug|Any CPU.Build.0 = Debug|Any CPU
		{C5C0C255-484F-4578-8547-42AC15E83952}.Debug|x64.ActiveCfg = Debug|Any CPU
		{C5C0C255-484F-4578-8547-42AC15E83952}.Debug|x64.Build.0 = Debug|Any CPU
		{C5C0C255-484F-4578-8547-42AC15E83952}.Debug|x86.ActiveCfg = Debug|Any CPU
		{C5C0C255-484F-4578-8547-42AC15E83952}.Debug|x86.Build.0 = Debug|Any CPU
		{C5C0C255-484F-4578-8547-42AC15E83952}.Release|Any CPU.ActiveCfg = Release|Any CPU
		{C5C0C255-484F-4578-8547-42AC15E83952}.Release|Any CPU.Build.0 = Release|Any CPU
		{C5C0C255-484F-4578-8547-42AC15E83952}.Release|x64.ActiveCfg = Release|Any CPU
		{C5C0C255-484F-4578-8547-42AC15E83952}.Release|x64.Build.0 = Release|Any CPU
		{C5C0C255-484F-4578-8547-42AC15E83952}.Release|x86.ActiveCfg = Release|Any CPU
		{C5C0C255-484F-4578-8547-42AC15E83952}.Release|x86.Build.0 = Release|Any CPU
		{EA1D3FF7-0F17-436C-B1AC-413AC3E51BF7}.Debug|Any CPU.ActiveCfg = Debug|Any CPU
		{EA1D3FF7-0F17-436C-B1AC-413AC3E51BF7}.Debug|Any CPU.Build.0 = Debug|Any CPU
		{EA1D3FF7-0F17-436C-B1AC-413AC3E51BF7}.Debug|x64.ActiveCfg = Debug|Any CPU
		{EA1D3FF7-0F17-436C-B1AC-413AC3E51BF7}.Debug|x64.Build.0 = Debug|Any CPU
		{EA1D3FF7-0F17-436C-B1AC-413AC3E51BF7}.Debug|x86.ActiveCfg = Debug|Any CPU
		{EA1D3FF7-0F17-436C-B1AC-413AC3E51BF7}.Debug|x86.Build.0 = Debug|Any CPU
		{EA1D3FF7-0F17-436C-B1AC-413AC3E51BF7}.Release|Any CPU.ActiveCfg = Release|Any CPU
		{EA1D3FF7-0F17-436C-B1AC-413AC3E51BF7}.Release|Any CPU.Build.0 = Release|Any CPU
		{EA1D3FF7-0F17-436C-B1AC-413AC3E51BF7}.Release|x64.ActiveCfg = Release|Any CPU
		{EA1D3FF7-0F17-436C-B1AC-413AC3E51BF7}.Release|x64.Build.0 = Release|Any CPU
		{EA1D3FF7-0F17-436C-B1AC-413AC3E51BF7}.Release|x86.ActiveCfg = Release|Any CPU
		{EA1D3FF7-0F17-436C-B1AC-413AC3E51BF7}.Release|x86.Build.0 = Release|Any CPU
		{A286FF1C-3E84-4F38-8F4D-3D691E35F497}.Debug|Any CPU.ActiveCfg = Debug|Any CPU
		{A286FF1C-3E84-4F38-8F4D-3D691E35F497}.Debug|Any CPU.Build.0 = Debug|Any CPU
		{A286FF1C-3E84-4F38-8F4D-3D691E35F497}.Debug|x64.ActiveCfg = Debug|Any CPU
		{A286FF1C-3E84-4F38-8F4D-3D691E35F497}.Debug|x64.Build.0 = Debug|Any CPU
		{A286FF1C-3E84-4F38-8F4D-3D691E35F497}.Debug|x86.ActiveCfg = Debug|Any CPU
		{A286FF1C-3E84-4F38-8F4D-3D691E35F497}.Debug|x86.Build.0 = Debug|Any CPU
		{A286FF1C-3E84-4F38-8F4D-3D691E35F497}.Release|Any CPU.ActiveCfg = Release|Any CPU
		{A286FF1C-3E84-4F38-8F4D-3D691E35F497}.Release|Any CPU.Build.0 = Release|Any CPU
		{A286FF1C-3E84-4F38-8F4D-3D691E35F497}.Release|x64.ActiveCfg = Release|Any CPU
		{A286FF1C-3E84-4F38-8F4D-3D691E35F497}.Release|x64.Build.0 = Release|Any CPU
		{A286FF1C-3E84-4F38-8F4D-3D691E35F497}.Release|x86.ActiveCfg = Release|Any CPU
		{A286FF1C-3E84-4F38-8F4D-3D691E35F497}.Release|x86.Build.0 = Release|Any CPU
	EndGlobalSection
	GlobalSection(SolutionProperties) = preSolution
		HideSolutionNode = FALSE
	EndGlobalSection
	GlobalSection(ExtensibilityGlobals) = postSolution
		SolutionGuid = {DD37296F-0D3E-4AA2-9128-8603ECEEE2FF}
	EndGlobalSection
EndGlobal
